# requirements.lock -- pinned versions from requirements.txt (full transitive closure)
# Generate with: uv pip compile requirements.txt -o requirements.lock
# All dependencies MUST be pinned with == for reproducible builds.
# 生产 Dockerfile / CI / docker-compose.test 统一引用此文件。
# This file was autogenerated by uv via the following command:
#    uv pip compile requirements.txt -o requirements.lock
aiohappyeyeballs==2.7.1
    # via
    #   -c /tmp/old.lock
    #   aiohttp
aiohttp==3.14.3
    # via
    #   -c /tmp/old.lock
    #   lightrag-hku
aiosignal==1.4.0
    # via
    #   -c /tmp/old.lock
    #   aiohttp
alembic==1.13.0
    # via
    #   -c /tmp/old.lock
    #   -r requirements.txt
annotated-doc==0.0.5
    # via
    #   -c /tmp/old.lock
    #   fastapi
annotated-types==0.8.0
    # via
    #   -c /tmp/old.lock
    #   pydantic
anyio==3.7.1
    # via
    #   -c /tmp/old.lock
    #   httpx
    #   openai
    #   starlette
    #   watchfiles
ascii-colors==0.12.3
    # via
    #   -c /tmp/old.lock
    #   pipmaster
ast-serialize==0.9.0
    # via
    #   -c /tmp/old.lock
    #   mypy
asyncpg==0.31.0
    # via
    #   -c /tmp/old.lock
    #   -r requirements.txt
attrs==26.1.0
    # via
    #   -c /tmp/old.lock
    #   aiohttp
beautifulsoup4==4.14.3
    # via
    #   -c /tmp/old.lock
    #   -r requirements.txt
bracex==3.0.1
    # via
    #   -c /tmp/old.lock
    #   wcmatch
casbin==1.38.0
    # via
    #   -c /tmp/old.lock
    #   -r requirements.txt
casbin-async-sqlalchemy-adapter==1.12.0
    # via
    #   -c /tmp/old.lock
    #   -r requirements.txt
certifi==2026.7.22
    # via
    #   -c /tmp/old.lock
    #   httpcore
    #   httpx
    #   requests
cffi==2.1.1
    # via
    #   -c /tmp/old.lock
    #   cryptography
charset-normalizer==3.5.1
    # via
    #   -c /tmp/old.lock
    #   requests
click==8.5.0
    # via
    #   -c /tmp/old.lock
    #   uvicorn
configparser==7.2.0
    # via
    #   -c /tmp/old.lock
    #   lightrag-hku
cryptography==46.0.7
    # via
    #   -c /tmp/old.lock
    #   -r requirements.txt
    #   google-auth
distro==1.9.0
    # via
    #   -c /tmp/old.lock
    #   openai
execnet==2.1.2
    # via
    #   -c /tmp/old.lock
    #   pytest-xdist
fastapi==0.139.0
    # via
    #   -c /tmp/old.lock
    #   -r requirements.txt
frozenlist==1.8.0
    # via
    #   -c /tmp/old.lock
    #   aiohttp
    #   aiosignal
google-api-core==2.36.0
    # via
    #   -c /tmp/old.lock
    #   lightrag-hku
google-auth==2.57.1
    # via
    #   -c /tmp/old.lock
    #   google-api-core
    #   google-genai
google-genai==1.4.0
    # via
    #   -c /tmp/old.lock
    #   lightrag-hku
googleapis-common-protos==1.75.3
    # via
    #   -c /tmp/old.lock
    #   google-api-core
greenlet==3.5.5
    # via
    #   -c /tmp/old.lock
    #   playwright
    #   sqlalchemy
grpcio==1.83.1
    # via
    #   -c /tmp/old.lock
    #   grpcio-tools
    #   qdrant-client
grpcio-tools==1.83.1
    # via
    #   -c /tmp/old.lock
    #   qdrant-client
h11==0.16.0
    # via
    #   -c /tmp/old.lock
    #   httpcore
    #   uvicorn
h2==4.4.1
    # via
    #   -c /tmp/old.lock
    #   httpx
hiredis==3.4.1
    # via
    #   -c /tmp/old.lock
    #   redis
hpack==4.2.0
    # via
    #   -c /tmp/old.lock
    #   h2
httpcore==1.0.9
    # via
    #   -c /tmp/old.lock
    #   httpx
httptools==0.8.0
    # via
    #   -c /tmp/old.lock
    #   uvicorn
httpx==0.28.1
    # via
    #   -c /tmp/old.lock
    #   -r requirements.txt
    #   google-genai
    #   openai
    #   qdrant-client
hyperframe==6.1.0
    # via
    #   -c /tmp/old.lock
    #   h2
idna==3.19
    # via
    #   -c /tmp/old.lock
    #   anyio
    #   httpx
    #   requests
    #   yarl
iniconfig==2.3.0
    # via
    #   -c /tmp/old.lock
    #   pytest
jieba==0.42.1
    # via
    #   -c /tmp/old.lock
    #   -r requirements.txt
json-repair==0.63.4
    # via
    #   -c /tmp/old.lock
    #   lightrag-hku
librt==0.15.0
    # via
    #   -c /tmp/old.lock
    #   mypy
lightrag-hku==1.5.7
    # via
    #   -c /tmp/old.lock
    #   -r requirements.txt
mako==1.4.1
    # via
    #   -c /tmp/old.lock
    #   alembic
markupsafe==3.0.3
    # via
    #   -c /tmp/old.lock
    #   mako
multidict==6.7.1
    # via
    #   -c /tmp/old.lock
    #   aiohttp
    #   yarl
mypy==2.3.0
    # via
    #   -c /tmp/old.lock
    #   -r requirements.txt
mypy-extensions==1.1.0
    # via
    #   -c /tmp/old.lock
    #   mypy
nano-vectordb==0.0.4.3
    # via
    #   -c /tmp/old.lock
    #   lightrag-hku
networkx==3.6.1
    # via
    #   -c /tmp/old.lock
    #   lightrag-hku
numpy==2.5.2
    # via
    #   -c /tmp/old.lock
    #   -r requirements.txt
    #   lightrag-hku
    #   nano-vectordb
    #   pandas
    #   qdrant-client
openai==1.0.0
    # via
    #   -c /tmp/old.lock
    #   -r requirements.txt
opentelemetry-api==1.44.0
    # via
    #   -c /tmp/old.lock
    #   google-api-core
packaging==26.3
    # via
    #   -c /tmp/old.lock
    #   lightrag-hku
    #   pipmaster
    #   pytest
pandas==3.0.5
    # via
    #   -c /tmp/old.lock
    #   lightrag-hku
pathspec==1.1.1
    # via
    #   -c /tmp/old.lock
    #   mypy
pipmaster==1.1.13
    # via
    #   -c /tmp/old.lock
    #   lightrag-hku
playwright==1.61.0
    # via
    #   -c /tmp/old.lock
    #   -r requirements.txt
pluggy==1.6.0
    # via
    #   -c /tmp/old.lock
    #   pytest
portalocker==2.10.1
    # via
    #   -c /tmp/old.lock
    #   qdrant-client
propcache==0.5.2
    # via
    #   -c /tmp/old.lock
    #   aiohttp
    #   yarl
proto-plus==1.28.4
    # via
    #   -c /tmp/old.lock
    #   google-api-core
protobuf==7.36.1
    # via
    #   -c /tmp/old.lock
    #   google-api-core
    #   googleapis-common-protos
    #   grpcio-tools
    #   proto-plus
psutil==7.2.2
    # via
    #   -c /tmp/old.lock
    #   -r requirements.txt
psycopg2-binary==2.9.12
    # via
    #   -c /tmp/old.lock
    #   -r requirements.txt
pyasn1==0.6.4
    # via
    #   -c /tmp/old.lock
    #   pyasn1-modules
pyasn1-modules==0.4.2
    # via
    #   -c /tmp/old.lock
    #   google-auth
pycasbin==2.8.0
    # via
    #   -c /tmp/old.lock
    #   casbin-async-sqlalchemy-adapter
pycparser==3.0
    # via
    #   -c /tmp/old.lock
    #   cffi
pydantic==2.13.4
    # via
    #   -c /tmp/old.lock
    #   -r requirements.txt
    #   fastapi
    #   google-genai
    #   lightrag-hku
    #   openai
    #   qdrant-client
pydantic-core==2.46.4
    # via
    #   -c /tmp/old.lock
    #   pydantic
pyee==13.0.1
    # via
    #   -c /tmp/old.lock
    #   playwright
pygments==2.21.0
    # via
    #   -c /tmp/old.lock
    #   pytest
pypinyin==0.55.0
    # via
    #   -c /tmp/old.lock
    #   lightrag-hku
pytest==8.4.2
    # via
    #   -c /tmp/old.lock
    #   -r requirements.txt
    #   pytest-asyncio
    #   pytest-timeout
    #   pytest-xdist
pytest-asyncio==0.23.8
    # via
    #   -c /tmp/old.lock
    #   -r requirements.txt
pytest-timeout==2.3.1
    # via
    #   -c /tmp/old.lock
    #   -r requirements.txt
pytest-xdist==3.5.0
    # via
    #   -c /tmp/old.lock
    #   -r requirements.txt
python-dateutil==2.9.0.post0
    # via
    #   -c /tmp/old.lock
    #   pandas
python-dotenv==1.2.3
    # via
    #   -c /tmp/old.lock
    #   lightrag-hku
    #   uvicorn
python-multipart==0.0.32
    # via
    #   -c /tmp/old.lock
    #   -r requirements.txt
pyyaml==6.0.2
    # via
    #   -c /tmp/old.lock
    #   -r requirements.txt
    #   lightrag-hku
    #   uvicorn
qdrant-client==1.7.0
    # via
    #   -c /tmp/old.lock
    #   -r requirements.txt
redis==8.0.1
    # via
    #   -c /tmp/old.lock
    #   -r requirements.txt
regex==2026.9.3
    # via
    #   -c /tmp/old.lock
    #   tiktoken
requests==2.34.2
    # via
    #   -c /tmp/old.lock
    #   google-api-core
    #   google-genai
    #   tiktoken
ruff==0.15.22
    # via
    #   -c /tmp/old.lock
    #   -r requirements.txt
setuptools==84.0.0
    # via
    #   -c /tmp/old.lock
    #   grpcio-tools
    #   lightrag-hku
simpleeval==1.0.3
    # via
    #   -c /tmp/old.lock
    #   casbin
    #   pycasbin
six==1.17.0
    # via
    #   -c /tmp/old.lock
    #   python-dateutil
sniffio==1.3.1
    # via
    #   -c /tmp/old.lock
    #   anyio
soupsieve==2.9.2
    # via
    #   -c /tmp/old.lock
    #   beautifulsoup4
sqlalchemy==2.0.49
    # via
    #   -c /tmp/old.lock
    #   -r requirements.txt
    #   alembic
    #   casbin-async-sqlalchemy-adapter
starlette==1.6.0
    # via
    #   -c /tmp/old.lock
    #   fastapi
tenacity==9.1.4
    # via
    #   -c /tmp/old.lock
    #   lightrag-hku
tiktoken==0.14.0
    # via
    #   -c /tmp/old.lock
    #   lightrag-hku
tqdm==4.70.0
    # via
    #   -c /tmp/old.lock
    #   openai
tree-sitter==0.26.0
    # via
    #   -c /tmp/old.lock
    #   -r requirements.txt
tree-sitter-javascript==0.23.1
    # via
    #   -c /tmp/old.lock
    #   -r requirements.txt
tree-sitter-python==0.23.6
    # via
    #   -c /tmp/old.lock
    #   -r requirements.txt
tree-sitter-typescript==0.23.2
    # via
    #   -c /tmp/old.lock
    #   -r requirements.txt
typing-extensions==4.16.0
    # via
    #   -c /tmp/old.lock
    #   aiohttp
    #   aiosignal
    #   alembic
    #   beautifulsoup4
    #   fastapi
    #   google-genai
    #   grpcio
    #   mypy
    #   openai
    #   opentelemetry-api
    #   pydantic
    #   pydantic-core
    #   pyee
    #   sqlalchemy
    #   starlette
    #   typing-inspection
typing-inspection==0.4.4
    # via
    #   -c /tmp/old.lock
    #   fastapi
    #   pydantic
urllib3==1.26.20
    # via
    #   -c /tmp/old.lock
    #   qdrant-client
    #   requests
uvicorn==0.51.0
    # via
    #   -c /tmp/old.lock
    #   -r requirements.txt
uvloop==0.21.0
    # via
    #   -c /tmp/old.lock
    #   -r requirements.txt
    #   uvicorn
watchfiles==1.2.0
    # via
    #   -c /tmp/old.lock
    #   uvicorn
wcmatch==11.0.1
    # via
    #   -c /tmp/old.lock
    #   pycasbin
wcwidth==0.8.3
    # via
    #   -c /tmp/old.lock
    #   ascii-colors
websockets==13.0
    # via
    #   -c /tmp/old.lock
    #   -r requirements.txt
    #   google-genai
    #   uvicorn
xlsxwriter==3.2.9
    # via
    #   -c /tmp/old.lock
    #   lightrag-hku
yarl==1.24.5
    # via
    #   -c /tmp/old.lock
    #   aiohttp
